
Microsoft Visual Studio Solution File, Format Version 12.00
# Visual Studio Version 16
VisualStudioVersion = 16.0.31005.135
MinimumVisualStudioVersion = 10.0.40219.1
Project("{FAE04EC0-301F-11D3-BF4B-00C04F79EFBC}") = "PictureInText", "PictureInText\PictureInText.csproj", "{58224717-1607-4C89-BD1C-EB96A1D263A7}"
EndProject
Global
	GlobalSection(SolutionConfigurationPlatforms) = preSolution
		Debug|Any CPU = Debug|Any CPU
		Release|Any CPU = Release|Any CPU
	EndGlobalSection
	GlobalSection(ProjectConfigurationPlatforms) = postSolution
		{58224717-1607-4C89-BD1C-EB96A1D263A7}.Debug|Any CPU.ActiveCfg = Debug|Any CPU
		{58224717-1607-4C89-BD1C-EB96A1D263A7}.Debug|Any CPU.Build.0 = Debug|Any CPU
		{58224717-1607-4C89-BD1C-EB96A1D263A7}.Release|Any CPU.ActiveCfg = Release|Any CPU
		{58224717-1607-4C89-BD1C-EB96A1D263A7}.Release|Any CPU.Build.0 = Release|Any CPU
	EndGlobalSection
	GlobalSection(SolutionProperties) = preSolution
		HideSolutionNode = FALSE
	EndGlobalSection
	GlobalSection(ExtensibilityGlobals) = postSolution
		SolutionGuid = {880B3F73-E8F0-4592-9332-BE64DB637B56}
	EndGlobalSection
EndGlobal
